{
  "requires": true,
  "lockfileVersion": 1,
  "dependencies": {
    "vue2-touch-events": {
      "version": "2.0.0",
      "resolved": "https://registry.npmjs.org/vue2-touch-events/-/vue2-touch-events-2.0.0.tgz",
      "integrity": "sha512-t4LyihIieUif96RDMgRllrt/1qRE8Zu0dZoyqOAqAttx/TWynIshBQ8TumCj1xhog5EDaIgsihuVA6hPnssCLQ=="
    }
  },
  "version": "0.1.1"
}
